// !$*UTF8*$!
{
	archiveVersion = 1;
	classes = {
	};
	objectVersion = 46;
	objects = {

/* Begin PBXBuildFile section */
		8D394EB31F1E41BC00053E77 /* main.m in Sources */ = {isa = PBXBuildFile; fileRef = 8D394EB21F1E41BC00053E77 /* main.m */; };
		8D394EB61F1E41BC00053E77 /* AppDelegate.m in Sources */ = {isa = PBXBuildFile; fileRef = 8D394EB51F1E41BC00053E77 /* AppDelegate.m */; };
		8D394EBC1F1E41BC00053E77 /* Main.storyboard in Resources */ = {isa = PBXBuildFile; fileRef = 8D394EBA1F1E41BC00053E77 /* Main.storyboard */; };
		8D394EBE1F1E41BC00053E77 /* Assets.xcassets in Resources */ = {isa = PBXBuildFile; fileRef = 8D394EBD1F1E41BC00053E77 /* Assets.xcassets */; };
		8D394EC11F1E41BC00053E77 /* LaunchScreen.storyboard in Resources */ = {isa = PBXBuildFile; fileRef = 8D394EBF1F1E41BC00053E77 /* LaunchScreen.storyboard */; };
		8D394ECC1F1E41BC00053E77 /* TempProjectTests.m in Sources */ = {isa = PBXBuildFile; fileRef = 8D394ECB1F1E41BC00053E77 /* TempProjectTests.m */; };
		8D394ED71F1E41BC00053E77 /* TempProjectUITests.m in Sources */ = {isa = PBXBuildFile; fileRef = 8D394ED61F1E41BC00053E77 /* TempProjectUITests.m */; };
		8D394EE71F1E433E00053E77 /* TMPNavigationController.m in Sources */ = {isa = PBXBuildFile; fileRef = 8D394EE61F1E433E00053E77 /* TMPNavigationController.m */; };
		8D394EEA1F1E435600053E77 /* TMPViewController.m in Sources */ = {isa = PBXBuildFile; fileRef = 8D394EE91F1E435600053E77 /* TMPViewController.m */; };
/* End PBXBuildFile section */

/* Begin PBXContainerItemProxy section */
		8D394EC81F1E41BC00053E77 /* PBXContainerItemProxy */ = {
			isa = PBXContainerItemProxy;
			containerPortal = 8D394EA61F1E41BC00053E77 /* Project object */;
			proxyType = 1;
			remoteGlobalIDString = 8D394EAD1F1E41BC00053E77;
			remoteInfo = TempProject;
		};
		8D394ED31F1E41BC00053E77 /* PBXContainerItemProxy */ = {
			isa = PBXContainerItemProxy;
			containerPortal = 8D394EA61F1E41BC00053E77 /* Project object */;
			proxyType = 1;
			remoteGlobalIDString = 8D394EAD1F1E41BC00053E77;
			remoteInfo = TempProject;
		};
/* End PBXContainerItemProxy section */

/* Begin PBXFileReference section */
		8D394EAE1F1E41BC00053E77 /* TempProject.app */ = {isa = PBXFileReference; explicitFileType = wrapper.application; includeInIndex = 0; path = TempProject.app; sourceTree = BUILT_PRODUCTS_DIR; };
		8D394EB21F1E41BC00053E77 /* main.m */ = {isa = PBXFileReference; lastKnownFileType = sourcecode.c.objc; path = main.m; sourceTree = "<group>"; };
		8D394EB41F1E41BC00053E77 /* AppDelegate.h */ = {isa = PBXFileReference; lastKnownFileType = sourcecode.c.h; path = AppDelegate.h; sourceTree = "<group>"; };
		8D394EB51F1E41BC00053E77 /* AppDelegate.m */ = {isa = PBXFileReference; lastKnownFileType = sourcecode.c.objc; path = AppDelegate.m; sourceTree = "<group>"; };
		8D394EBB1F1E41BC00053E77 /* Base */ = {isa = PBXFileReference; lastKnownFileType = file.storyboard; name = Base; path = Base.lproj/Main.storyboard; sourceTree = "<group>"; };
		8D394EBD1F1E41BC00053E77 /* Assets.xcassets */ = {isa = PBXFileReference; lastKnownFileType = folder.assetcatalog; path = Assets.xcassets; sourceTree = "<group>"; };
		8D394EC01F1E41BC00053E77 /* Base */ = {isa = PBXFileReference; lastKnownFileType = file.storyboard; name = Base; path = Base.lproj/LaunchScreen.storyboard; sourceTree = "<group>"; };
		8D394EC21F1E41BC00053E77 /* Info.plist */ = {isa = PBXFileReference; lastKnownFileType = text.plist.xml; path = Info.plist; sourceTree = "<group>"; };
		8D394EC71F1E41BC00053E77 /* TempProjectTests.xctest */ = {isa = PBXFileReference; explicitFileType = wrapper.cfbundle; includeInIndex = 0; path = TempProjectTests.xctest; sourceTree = BUILT_PRODUCTS_DIR; };
		8D394ECB1F1E41BC00053E77 /* TempProjectTests.m */ = {isa = PBXFileReference; lastKnownFileType = sourcecode.c.objc; path = TempProjectTests.m; sourceTree = "<group>"; };
		8D394ECD1F1E41BC00053E77 /* Info.plist */ = {isa = PBXFileReference; lastKnownFileType = text.plist.xml; path = Info.plist; sourceTree = "<group>"; };
		8D394ED21F1E41BC00053E77 /* TempProjectUITests.xctest */ = {isa = PBXFileReference; explicitFileType = wrapper.cfbundle; includeInIndex = 0; path = TempProjectUITests.xctest; sourceTree = BUILT_PRODUCTS_DIR; };
		8D394ED61F1E41BC00053E77 /* TempProjectUITests.m */ = {isa = PBXFileReference; lastKnownFileType = sourcecode.c.objc; path = TempProjectUITests.m; sourceTree = "<group>"; };
		8D394ED81F1E41BC00053E77 /* Info.plist */ = {isa = PBXFileReference; lastKnownFileType = text.plist.xml; path = Info.plist; sourceTree = "<group>"; };
		8D394EE51F1E433E00053E77 /* TMPNavigationController.h */ = {isa = PBXFileReference; fileEncoding = 4; lastKnownFileType = sourcecode.c.h; path = TMPNavigationController.h; sourceTree = "<group>"; };
		8D394EE61F1E433E00053E77 /* TMPNavigationController.m */ = {isa = PBXFileReference; fileEncoding = 4; lastKnownFileType = sourcecode.c.objc; path = TMPNavigationController.m; sourceTree = "<group>"; };
		8D394EE81F1E435600053E77 /* TMPViewController.h */ = {isa = PBXFileReference; fileEncoding = 4; lastKnownFileType = sourcecode.c.h; path = TMPViewController.h; sourceTree = "<group>"; };
		8D394EE91F1E435600053E77 /* TMPViewController.m */ = {isa = PBXFileReference; fileEncoding = 4; lastKnownFileType = sourcecode.c.objc; path = TMPViewController.m; sourceTree = "<group>"; };
/* End PBXFileReference section */

/* Begin PBXFrameworksBuildPhase section */
		8D394EAB1F1E41BC00053E77 /* Frameworks */ = {
			isa = PBXFrameworksBuildPhase;
			buildActionMask = 2147483647;
			files = (
			);
			runOnlyForDeploymentPostprocessing = 0;
		};
		8D394EC41F1E41BC00053E77 /* Frameworks */ = {
			isa = PBXFrameworksBuildPhase;
			buildActionMask = 2147483647;
			files = (
			);
			runOnlyForDeploymentPostprocessing = 0;
		};
		8D394ECF1F1E41BC00053E77 /* Frameworks */ = {
			isa = PBXFrameworksBuildPhase;
			buildActionMask = 2147483647;
			files = (
			);
			runOnlyForDeploymentPostprocessing = 0;
		};
/* End PBXFrameworksBuildPhase section */

/* Begin PBXGroup section */
		8D394EA51F1E41BC00053E77 = {
			isa = PBXGroup;
			children = (
				8D394EB01F1E41BC00053E77 /* TempProject */,
				8D394ECA1F1E41BC00053E77 /* TempProjectTests */,
				8D394ED51F1E41BC00053E77 /* TempProjectUITests */,
				8D394EAF1F1E41BC00053E77 /* Products */,
			);
			sourceTree = "<group>";
		};
		8D394EAF1F1E41BC00053E77 /* Products */ = {
			isa = PBXGroup;
			children = (
				8D394EAE1F1E41BC00053E77 /* TempProject.app */,
				8D394EC71F1E41BC00053E77 /* TempProjectTests.xctest */,
				8D394ED21F1E41BC00053E77 /* TempProjectUITests.xctest */,
			);
			name = Products;
			sourceTree = "<group>";
		};
		8D394EB01F1E41BC00053E77 /* TempProject */ = {
			isa = PBXGroup;
			children = (
				8D394EE41F1E432700053E77 /* Foundation */,
				8D394EB41F1E41BC00053E77 /* AppDelegate.h */,
				8D394EB51F1E41BC00053E77 /* AppDelegate.m */,
				8D394EBA1F1E41BC00053E77 /* Main.storyboard */,
				8D394EBD1F1E41BC00053E77 /* Assets.xcassets */,
				8D394EBF1F1E41BC00053E77 /* LaunchScreen.storyboard */,
				8D394EC21F1E41BC00053E77 /* Info.plist */,
				8D394EB11F1E41BC00053E77 /* Supporting Files */,
			);
			path = TempProject;
			sourceTree = "<group>";
		};
		8D394EB11F1E41BC00053E77 /* Supporting Files */ = {
			isa = PBXGroup;
			children = (
				8D394EB21F1E41BC00053E77 /* main.m */,
			);
			name = "Supporting Files";
			sourceTree = "<group>";
		};
		8D394ECA1F1E41BC00053E77 /* TempProjectTests */ = {
			isa = PBXGroup;
			children = (
				8D394ECB1F1E41BC00053E77 /* TempProjectTests.m */,
				8D394ECD1F1E41BC00053E77 /* Info.plist */,
			);
			path = TempProjectTests;
			sourceTree = "<group>";
		};
		8D394ED51F1E41BC00053E77 /* TempProjectUITests */ = {
			isa = PBXGroup;
			children = (
				8D394ED61F1E41BC00053E77 /* TempProjectUITests.m */,
				8D394ED81F1E41BC00053E77 /* Info.plist */,
			);
			path = TempProjectUITests;
			sourceTree = "<group>";
		};
		8D394EE41F1E432700053E77 /* Foundation */ = {
			isa = PBXGroup;
			children = (
				8D394EE51F1E433E00053E77 /* TMPNavigationController.h */,
				8D394EE61F1E433E00053E77 /* TMPNavigationController.m */,
				8D394EE81F1E435600053E77 /* TMPViewController.h */,
				8D394EE91F1E435600053E77 /* TMPViewController.m */,
			);
			name = Foundation;
			sourceTree = "<group>";
		};
/* End PBXGroup section */

/* Begin PBXNativeTarget section */
		8D394EAD1F1E41BC00053E77 /* TempProject */ = {
			isa = PBXNativeTarget;
			buildConfigurationList = 8D394EDB1F1E41BC00053E77 /* Build configuration list for PBXNativeTarget "TempProject" */;
			buildPhases = (
				8D394EAA1F1E41BC00053E77 /* Sources */,
				8D394EAB1F1E41BC00053E77 /* Frameworks */,
				8D394EAC1F1E41BC00053E77 /* Resources */,
			);
			buildRules = (
			);
			dependencies = (
			);
			name = TempProject;
			productName = TempProject;
			productReference = 8D394EAE1F1E41BC00053E77 /* TempProject.app */;
			productType = "com.apple.product-type.application";
		};
		8D394EC61F1E41BC00053E77 /* TempProjectTests */ = {
			isa = PBXNativeTarget;
			buildConfigurationList = 8D394EDE1F1E41BC00053E77 /* Build configuration list for PBXNativeTarget "TempProjectTests" */;
			buildPhases = (
				8D394EC31F1E41BC00053E77 /* Sources */,
				8D394EC41F1E41BC00053E77 /* Frameworks */,
				8D394EC51F1E41BC00053E77 /* Resources */,
			);
			buildRules = (
			);
			dependencies = (
				8D394EC91F1E41BC00053E77 /* PBXTargetDependency */,
			);
			name = TempProjectTests;
			productName = TempProjectTests;
			productReference = 8D394EC71F1E41BC00053E77 /* TempProjectTests.xctest */;
			productType = "com.apple.product-type.bundle.unit-test";
		};
		8D394ED11F1E41BC00053E77 /* TempProjectUITests */ = {
			isa = PBXNativeTarget;
			buildConfigurationList = 8D394EE11F1E41BC00053E77 /* Build configuration list for PBXNativeTarget "TempProjectUITests" */;
			buildPhases = (
				8D394ECE1F1E41BC00053E77 /* Sources */,
				8D394ECF1F1E41BC00053E77 /* Frameworks */,
				8D394ED01F1E41BC00053E77 /* Resources */,
			);
			buildRules = (
			);
			dependencies = (
				8D394ED41F1E41BC00053E77 /* PBXTargetDependency */,
			);
			name = TempProjectUITests;
			productName = TempProjectUITests;
			productReference = 8D394ED21F1E41BC00053E77 /* TempProjectUITests.xctest */;
			productType = "com.apple.product-type.bundle.ui-testing";
		};
/* End PBXNativeTarget section */

/* Begin PBXProject section */
		8D394EA61F1E41BC00053E77 /* Project object */ = {
			isa = PBXProject;
			attributes = {
				LastUpgradeCheck = 0830;
				ORGANIZATIONNAME = "SeokWoo Lee";
				TargetAttributes = {
					8D394EAD1F1E41BC00053E77 = {
						CreatedOnToolsVersion = 8.3.3;
						DevelopmentTeam = SUZFY35983;
						ProvisioningStyle = Automatic;
					};
					8D394EC61F1E41BC00053E77 = {
						CreatedOnToolsVersion = 8.3.3;
						ProvisioningStyle = Automatic;
						TestTargetID = 8D394EAD1F1E41BC00053E77;
					};
					8D394ED11F1E41BC00053E77 = {
						CreatedOnToolsVersion = 8.3.3;
						ProvisioningStyle = Automatic;
						TestTargetID = 8D394EAD1F1E41BC00053E77;
					};
				};
			};
			buildConfigurationList = 8D394EA91F1E41BC00053E77 /* Build configuration list for PBXProject "TempProject" */;
			compatibilityVersion = "Xcode 3.2";
			developmentRegion = English;
			hasScannedForEncodings = 0;
			knownRegions = (
				en,
				Base,
			);
			mainGroup = 8D394EA51F1E41BC00053E77;
			productRefGroup = 8D394EAF1F1E41BC00053E77 /* Products */;
			projectDirPath = "";
			projectRoot = "";
			targets = (
				8D394EAD1F1E41BC00053E77 /* TempProject */,
				8D394EC61F1E41BC00053E77 /* TempProjectTests */,
				8D394ED11F1E41BC00053E77 /* TempProjectUITests */,
			);
		};
/* End PBXProject section */

/* Begin PBXResourcesBuildPhase section */
		8D394EAC1F1E41BC00053E77 /* Resources */ = {
			isa = PBXResourcesBuildPhase;
			buildActionMask = 2147483647;
			files = (
				8D394EC11F1E41BC00053E77 /* LaunchScreen.storyboard in Resources */,
				8D394EBE1F1E41BC00053E77 /* Assets.xcassets in Resources */,
				8D394EBC1F1E41BC00053E77 /* Main.storyboard in Resources */,
			);
			runOnlyForDeploymentPostprocessing = 0;
		};
		8D394EC51F1E41BC00053E77 /* Resources */ = {
			isa = PBXResourcesBuildPhase;
			buildActionMask = 2147483647;
			files = (
			);
			runOnlyForDeploymentPostprocessing = 0;
		};
		8D394ED01F1E41BC00053E77 /* Resources */ = {
			isa = PBXResourcesBuildPhase;
			buildActionMask = 2147483647;
			files = (
			);
			runOnlyForDeploymentPostprocessing = 0;
		};
/* End PBXResourcesBuildPhase section */

/* Begin PBXSourcesBuildPhase section */
		8D394EAA1F1E41BC00053E77 /* Sources */ = {
			isa = PBXSourcesBuildPhase;
			buildActionMask = 2147483647;
			files = (
				8D394EB61F1E41BC00053E77 /* AppDelegate.m in Sources */,
				8D394EB31F1E41BC00053E77 /* main.m in Sources */,
				8D394EEA1F1E435600053E77 /* TMPViewController.m in Sources */,
				8D394EE71F1E433E00053E77 /* TMPNavigationController.m in Sources */,
			);
			runOnlyForDeploymentPostprocessing = 0;
		};
		8D394EC31F1E41BC00053E77 /* Sources */ = {
			isa = PBXSourcesBuildPhase;
			buildActionMask = 2147483647;
			files = (
				8D394ECC1F1E41BC00053E77 /* TempProjectTests.m in Sources */,
			);
			runOnlyForDeploymentPostprocessing = 0;
		};
		8D394ECE1F1E41BC00053E77 /* Sources */ = {
			isa = PBXSourcesBuildPhase;
			buildActionMask = 2147483647;
			files = (
				8D394ED71F1E41BC00053E77 /* TempProjectUITests.m in Sources */,
			);
			runOnlyForDeploymentPostprocessing = 0;
		};
/* End PBXSourcesBuildPhase section */

/* Begin PBXTargetDependency section */
		8D394EC91F1E41BC00053E77 /* PBXTargetDependency */ = {
			isa = PBXTargetDependency;
			target = 8D394EAD1F1E41BC00053E77 /* TempProject */;
			targetProxy = 8D394EC81F1E41BC00053E77 /* PBXContainerItemProxy */;
		};
		8D394ED41F1E41BC00053E77 /* PBXTargetDependency */ = {
			isa = PBXTargetDependency;
			target = 8D394EAD1F1E41BC00053E77 /* TempProject */;
			targetProxy = 8D394ED31F1E41BC00053E77 /* PBXContainerItemProxy */;
		};
/* End PBXTargetDependency section */

/* Begin PBXVariantGroup section */
		8D394EBA1F1E41BC00053E77 /* Main.storyboard */ = {
			isa = PBXVariantGroup;
			children = (
				8D394EBB1F1E41BC00053E77 /* Base */,
			);
			name = Main.storyboard;
			sourceTree = "<group>";
		};
		8D394EBF1F1E41BC00053E77 /* LaunchScreen.storyboard */ = {
			isa = PBXVariantGroup;
			children = (
				8D394EC01F1E41BC00053E77 /* Base */,
			);
			name = LaunchScreen.storyboard;
			sourceTree = "<group>";
		};
/* End PBXVariantGroup section */

/* Begin XCBuildConfiguration section */
		8D394ED91F1E41BC00053E77 /* Debug */ = {
			isa = XCBuildConfiguration;
			buildSettings = {
				ALWAYS_SEARCH_USER_PATHS = NO;
				CLANG_ANALYZER_NONNULL = YES;
				CLANG_ANALYZER_NUMBER_OBJECT_CONVERSION = YES_AGGRESSIVE;
				CLANG_CXX_LANGUAGE_STANDARD = "gnu++0x";
				CLANG_CXX_LIBRARY = "libc++";
				CLANG_ENABLE_MODULES = YES;
				CLANG_ENABLE_OBJC_ARC = YES;
				CLANG_WARN_BOOL_CONVERSION = YES;
				CLANG_WARN_CONSTANT_CONVERSION = YES;
				CLANG_WARN_DIRECT_OBJC_ISA_USAGE = YES_ERROR;
				CLANG_WARN_DOCUMENTATION_COMMENTS = YES;
				CLANG_WARN_EMPTY_BODY = YES;
				CLANG_WARN_ENUM_CONVERSION = YES;
				CLANG_WARN_INFINITE_RECURSION = YES;
				CLANG_WARN_INT_CONVERSION = YES;
				CLANG_WARN_OBJC_ROOT_CLASS = YES_ERROR;
				CLANG_WARN_SUSPICIOUS_MOVE = YES;
				CLANG_WARN_UNREACHABLE_CODE = YES;
				CLANG_WARN__DUPLICATE_METHOD_MATCH = YES;
				"CODE_SIGN_IDENTITY[sdk=iphoneos*]" = "iPhone Developer";
				COPY_PHASE_STRIP = NO;
				DEBUG_INFORMATION_FORMAT = dwarf;
				ENABLE_STRICT_OBJC_MSGSEND = YES;
				ENABLE_TESTABILITY = YES;
				GCC_C_LANGUAGE_STANDARD = gnu99;
				GCC_DYNAMIC_NO_PIC = NO;
				GCC_NO_COMMON_BLOCKS = YES;
				GCC_OPTIMIZATION_LEVEL = 0;
				GCC_PREPROCESSOR_DEFINITIONS = (
					"DEBUG=1",
					"$(inherited)",
				);
				GCC_WARN_64_TO_32_BIT_CONVERSION = YES;
				GCC_WARN_ABOUT_RETURN_TYPE = YES_ERROR;
				GCC_WARN_UNDECLARED_SELECTOR = YES;
				GCC_WARN_UNINITIALIZED_AUTOS = YES_AGGRESSIVE;
				GCC_WARN_UNUSED_FUNCTION = YES;
				GCC_WARN_UNUSED_VARIABLE = YES;
				IPHONEOS_DEPLOYMENT_TARGET = 10.3;
				MTL_ENABLE_DEBUG_INFO = YES;
				ONLY_ACTIVE_ARCH = YES;
				SDKROOT = iphoneos;
				TARGETED_DEVICE_FAMILY = "1,2";
			};
			name = Debug;
		};
		8D394EDA1F1E41BC00053E77 /* Release */ = {
			isa = XCBuildConfiguration;
			buildSettings = {
				ALWAYS_SEARCH_USER_PATHS = NO;
				CLANG_ANALYZER_NONNULL = YES;
				CLANG_ANALYZER_NUMBER_OBJECT_CONVERSION = YES_AGGRESSIVE;
				CLANG_CXX_LANGUAGE_STANDARD = "gnu++0x";
				CLANG_CXX_LIBRARY = "libc++";
				CLANG_ENABLE_MODULES = YES;
				CLANG_ENABLE_OBJC_ARC = YES;
				CLANG_WARN_BOOL_CONVERSION = YES;
				CLANG_WARN_CONSTANT_CONVERSION = YES;
				CLANG_WARN_DIRECT_OBJC_ISA_USAGE = YES_ERROR;
				CLANG_WARN_DOCUMENTATION_COMMENTS = YES;
				CLANG_WARN_EMPTY_BODY = YES;
				CLANG_WARN_ENUM_CONVERSION = YES;
				CLANG_WARN_INFINITE_RECURSION = YES;
				CLANG_WARN_INT_CONVERSION = YES;
				CLANG_WARN_OBJC_ROOT_CLASS = YES_ERROR;
				CLANG_WARN_SUSPICIOUS_MOVE = YES;
				CLANG_WARN_UNREACHABLE_CODE = YES;
				CLANG_WARN__DUPLICATE_METHOD_MATCH = YES;
				"CODE_SIGN_IDENTITY[sdk=iphoneos*]" = "iPhone Developer";
				COPY_PHASE_STRIP = NO;
				DEBUG_INFORMATION_FORMAT = "dwarf-with-dsym";
				ENABLE_NS_ASSERTIONS = NO;
				ENABLE_STRICT_OBJC_MSGSEND = YES;
				GCC_C_LANGUAGE_STANDARD = gnu99;
				GCC_NO_COMMON_BLOCKS = YES;
				GCC_WARN_64_TO_32_BIT_CONVERSION = YES;
				GCC_WARN_ABOUT_RETURN_TYPE = YES_ERROR;
				GCC_WARN_UNDECLARED_SELECTOR = YES;
				GCC_WARN_UNINITIALIZED_AUTOS = YES_AGGRESSIVE;
				GCC_WARN_UNUSED_FUNCTION = YES;
				GCC_WARN_UNUSED_VARIABLE = YES;
				IPHONEOS_DEPLOYMENT_TARGET = 10.3;
				MTL_ENABLE_DEBUG_INFO = NO;
				SDKROOT = iphoneos;
				TARGETED_DEVICE_FAMILY = "1,2";
				VALIDATE_PRODUCT = YES;
			};
			name = Release;
		};
		8D394EDC1F1E41BC00053E77 /* Debug */ = {
			isa = XCBuildConfiguration;
			buildSettings = {
				ASSETCATALOG_COMPILER_APPICON_NAME = AppIcon;
				DEVELOPMENT_TEAM = SUZFY35983;
				INFOPLIST_FILE = TempProject/Info.plist;
				LD_RUNPATH_SEARCH_PATHS = "$(inherited) @executable_path/Frameworks";
				PRODUCT_BUNDLE_IDENTIFIER = SeokWooLee.TempProject;
				PRODUCT_NAME = "$(TARGET_NAME)";
			};
			name = Debug;
		};
		8D394EDD1F1E41BC00053E77 /* Release */ = {
			isa = XCBuildConfiguration;
			buildSettings = {
				ASSETCATALOG_COMPILER_APPICON_NAME = AppIcon;
				DEVELOPMENT_TEAM = SUZFY35983;
				INFOPLIST_FILE = TempProject/Info.plist;
				LD_RUNPATH_SEARCH_PATHS = "$(inherited) @executable_path/Frameworks";
				PRODUCT_BUNDLE_IDENTIFIER = SeokWooLee.TempProject;
				PRODUCT_NAME = "$(TARGET_NAME)";
			};
			name = Release;
		};
		8D394EDF1F1E41BC00053E77 /* Debug */ = {
			isa = XCBuildConfiguration;
			buildSettings = {
				BUNDLE_LOADER = "$(TEST_HOST)";
				INFOPLIST_FILE = TempProjectTests/Info.plist;
				LD_RUNPATH_SEARCH_PATHS = "$(inherited) @executable_path/Frameworks @loader_path/Frameworks";
				PRODUCT_BUNDLE_IDENTIFIER = SeokWooLee.TempProjectTests;
				PRODUCT_NAME = "$(TARGET_NAME)";
				TEST_HOST = "$(BUILT_PRODUCTS_DIR)/TempProject.app/TempProject";
			};
			name = Debug;
		};
		8D394EE01F1E41BC00053E77 /* Release */ = {
			isa = XCBuildConfiguration;
			buildSettings = {
				BUNDLE_LOADER = "$(TEST_HOST)";
				INFOPLIST_FILE = TempProjectTests/Info.plist;
				LD_RUNPATH_SEARCH_PATHS = "$(inherited) @executable_path/Frameworks @loader_path/Frameworks";
				PRODUCT_BUNDLE_IDENTIFIER = SeokWooLee.TempProjectTests;
				PRODUCT_NAME = "$(TARGET_NAME)";
				TEST_HOST = "$(BUILT_PRODUCTS_DIR)/TempProject.app/TempProject";
			};
			name = Release;
		};
		8D394EE21F1E41BC00053E77 /* Debug */ = {
			isa = XCBuildConfiguration;
			buildSettings = {
				INFOPLIST_FILE = TempProjectUITests/Info.plist;
				LD_RUNPATH_SEARCH_PATHS = "$(inherited) @executable_path/Frameworks @loader_path/Frameworks";
				PRODUCT_BUNDLE_IDENTIFIER = SeokWooLee.TempProjectUITests;
				PRODUCT_NAME = "$(TARGET_NAME)";
				TEST_TARGET_NAME = TempProject;
			};
			name = Debug;
		};
		8D394EE31F1E41BC00053E77 /* Release */ = {
			isa = XCBuildConfiguration;
			buildSettings = {
				INFOPLIST_FILE = TempProjectUITests/Info.plist;
				LD_RUNPATH_SEARCH_PATHS = "$(inherited) @executable_path/Frameworks @loader_path/Frameworks";
				PRODUCT_BUNDLE_IDENTIFIER = SeokWooLee.TempProjectUITests;
				PRODUCT_NAME = "$(TARGET_NAME)";
				TEST_TARGET_NAME = TempProject;
			};
			name = Release;
		};
/* End XCBuildConfiguration section */

/* Begin XCConfigurationList section */
		8D394EA91F1E41BC00053E77 /* Build configuration list for PBXProject "TempProject" */ = {
			isa = XCConfigurationList;
			buildConfigurations = (
				8D394ED91F1E41BC00053E77 /* Debug */,
				8D394EDA1F1E41BC00053E77 /* Release */,
			);
			defaultConfigurationIsVisible = 0;
			defaultConfigurationName = Release;
		};
		8D394EDB1F1E41BC00053E77 /* Build configuration list for PBXNativeTarget "TempProject" */ = {
			isa = XCConfigurationList;
			buildConfigurations = (
				8D394EDC1F1E41BC00053E77 /* Debug */,
				8D394EDD1F1E41BC00053E77 /* Release */,
			);
			defaultConfigurationIsVisible = 0;
		};
		8D394EDE1F1E41BC00053E77 /* Build configuration list for PBXNativeTarget "TempProjectTests" */ = {
			isa = XCConfigurationList;
			buildConfigurations = (
				8D394EDF1F1E41BC00053E77 /* Debug */,
				8D394EE01F1E41BC00053E77 /* Release */,
			);
			defaultConfigurationIsVisible = 0;
		};
		8D394EE11F1E41BC00053E77 /* Build configuration list for PBXNativeTarget "TempProjectUITests" */ = {
			isa = XCConfigurationList;
			buildConfigurations = (
				8D394EE21F1E41BC00053E77 /* Debug */,
				8D394EE31F1E41BC00053E77 /* Release */,
			);
			defaultConfigurationIsVisible = 0;
		};
/* End XCConfigurationList section */
	};
	rootObject = 8D394EA61F1E41BC00053E77 /* Project object */;
}
